
Microsoft Visual Studio Solution File, Format Version 12.00
# Visual Studio 15
VisualStudioVersion = 15.0.28307.960
MinimumVisualStudioVersion = 10.0.40219.1
Project("{8BC9CEB8-8B4A-11D0-8D11-00A0C91BC942}") = "core", "core\src\core.vcxproj", "{30BE9E11-79BE-44A3-8DCD-921A51CAB4AF}"
EndProject
Project("{8BC9CEB8-8B4A-11D0-8D11-00A0C91BC942}") = "testclient", "testclient\src\testclient.vcxproj", "{A70EE4A5-CBA4-4A5D-85E9-901E5C437A3A}"
EndProject
Global
	GlobalSection(SolutionConfigurationPlatforms) = preSolution
		Debug|x64 = Debug|x64
		Debug|x86 = Debug|x86
		Release|x64 = Release|x64
		Release|x86 = Release|x86
	EndGlobalSection
	GlobalSection(ProjectConfigurationPlatforms) = postSolution
		{30BE9E11-79BE-44A3-8DCD-921A51CAB4AF}.Debug|x64.ActiveCfg = Debug|x64
		{30BE9E11-79BE-44A3-8DCD-921A51CAB4AF}.Debug|x64.Build.0 = Debug|x64
		{30BE9E11-79BE-44A3-8DCD-921A51CAB4AF}.Debug|x86.ActiveCfg = Debug|Win32
		{30BE9E11-79BE-44A3-8DCD-921A51CAB4AF}.Debug|x86.Build.0 = Debug|Win32
		{30BE9E11-79BE-44A3-8DCD-921A51CAB4AF}.Release|x64.ActiveCfg = Release|x64
		{30BE9E11-79BE-44A3-8DCD-921A51CAB4AF}.Release|x64.Build.0 = Release|x64
		{30BE9E11-79BE-44A3-8DCD-921A51CAB4AF}.Release|x86.ActiveCfg = Release|Win32
		{30BE9E11-79BE-44A3-8DCD-921A51CAB4AF}.Release|x86.Build.0 = Release|Win32
		{A70EE4A5-CBA4-4A5D-85E9-901E5C437A3A}.Debug|x64.ActiveCfg = Debug|x64
		{A70EE4A5-CBA4-4A5D-85E9-901E5C437A3A}.Debug|x64.Build.0 = Debug|x64
		{A70EE4A5-CBA4-4A5D-85E9-901E5C437A3A}.Debug|x86.ActiveCfg = Debug|Win32
		{A70EE4A5-CBA4-4A5D-85E9-901E5C437A3A}.Debug|x86.Build.0 = Debug|Win32
		{A70EE4A5-CBA4-4A5D-85E9-901E5C437A3A}.Release|x64.ActiveCfg = Release|x64
		{A70EE4A5-CBA4-4A5D-85E9-901E5C437A3A}.Release|x64.Build.0 = Release|x64
		{A70EE4A5-CBA4-4A5D-85E9-901E5C437A3A}.Release|x86.ActiveCfg = Release|Win32
		{A70EE4A5-CBA4-4A5D-85E9-901E5C437A3A}.Release|x86.Build.0 = Release|Win32
	EndGlobalSection
	GlobalSection(SolutionProperties) = preSolution
		HideSolutionNode = FALSE
	EndGlobalSection
	GlobalSection(ExtensibilityGlobals) = postSolution
		SolutionGuid = {953405E6-DA87-48BC-945B-6E7DC85AAE3B}
	EndGlobalSection
EndGlobal
