<?xml version="1.0" encoding="utf-8"?>
<Project ToolsVersion="4.0" xmlns="http://schemas.microsoft.com/developer/msbuild/2003">
  <ItemGroup>
    <Filter Include="Header Files">
      <UniqueIdentifier>{93995380-89BD-4b04-88EB-625FBE52EBFB}</UniqueIdentifier>
      <Extensions>h;hh;hpp;hxx;hm;inl;inc;ipp;xsd</Extensions>
    </Filter>
    <Filter Include="Interfaces">
      <UniqueIdentifier>{c20a6431-8d33-4c87-a57a-7e26c7b77766}</UniqueIdentifier>
    </Filter>
    <Filter Include="Source Files">
      <UniqueIdentifier>{9a66e0e4-b91c-4fc2-a4f4-485adad7f2c8}</UniqueIdentifier>
      <Extensions>cpp;c;cc;cxx;def;odl;idl;hpj;</Extensions>
    </Filter>
    <Filter Include="Header Files\emulator">
      <UniqueIdentifier>{f11c4d9a-a203-493e-b311-d750b6595132}</UniqueIdentifier>
    </Filter>
    <Filter Include="Header Files\emulator\memory">
      <UniqueIdentifier>{9df1ea7e-dc3a-444a-bad1-2b2bd9dc726d}</UniqueIdentifier>
    </Filter>
    <Filter Include="Header Files\emulator\ports">
      <UniqueIdentifier>{60a6c712-9fd4-4587-9c1e-380ca0e23524}</UniqueIdentifier>
    </Filter>
    <Filter Include="Header Files\emulator\cpu">
      <UniqueIdentifier>{be9251d4-69cc-4c52-bebf-a70995ca43f2}</UniqueIdentifier>
    </Filter>
    <Filter Include="Header Files\base">
      <UniqueIdentifier>{80673710-8e23-428e-a6c2-03ee8049c277}</UniqueIdentifier>
    </Filter>
    <Filter Include="Header Files\common">
      <UniqueIdentifier>{78e5e817-5e44-4304-80df-6ebfc0890e6a}</UniqueIdentifier>
    </Filter>
    <Filter Include="Header Files\video">
      <UniqueIdentifier>{936ae5a1-4105-4992-abd2-40fecb3729c8}</UniqueIdentifier>
    </Filter>
    <Filter Include="Source Files\base">
      <UniqueIdentifier>{a8aca070-63d6-4783-91e8-bfb290cf0d18}</UniqueIdentifier>
    </Filter>
    <Filter Include="Source Files\common">
      <UniqueIdentifier>{25bad667-baa8-4ed2-ba46-4067ee6f2485}</UniqueIdentifier>
    </Filter>
    <Filter Include="Source Files\debugger">
      <UniqueIdentifier>{9f98924d-4340-4a3c-ac00-b52465d55818}</UniqueIdentifier>
    </Filter>
    <Filter Include="Source Files\emulator">
      <UniqueIdentifier>{f8279d48-2323-4968-9474-ac14f3b7b61a}</UniqueIdentifier>
    </Filter>
    <Filter Include="Source Files\emulator\memory">
      <UniqueIdentifier>{2eabd08c-ea4b-42f1-bf26-ede7886b65ec}</UniqueIdentifier>
    </Filter>
    <Filter Include="Source Files\emulator\ports">
      <UniqueIdentifier>{4c610a3b-f2e5-40cf-9e61-48e7df3e88b0}</UniqueIdentifier>
    </Filter>
    <Filter Include="Source Files\emulator\cpu">
      <UniqueIdentifier>{9d5606f7-3dc6-478c-ab80-20fd6a6adc3f}</UniqueIdentifier>
    </Filter>
    <Filter Include="Source Files\video">
      <UniqueIdentifier>{4ebaf64f-92b3-4e11-8bde-b429dc45f4af}</UniqueIdentifier>
    </Filter>
    <Filter Include="Header Files\emulator\io">
      <UniqueIdentifier>{d5080b1a-349e-47c6-85f3-b775b66ac00b}</UniqueIdentifier>
    </Filter>
    <Filter Include="Header Files\emulator\io\hdd">
      <UniqueIdentifier>{4f5c3db5-02e1-4d89-8f5e-76a1869d76aa}</UniqueIdentifier>
    </Filter>
    <Filter Include="Header Files\emulator\io\fdc">
      <UniqueIdentifier>{9606ec4b-d08f-4553-ad86-5b34fcb8ca44}</UniqueIdentifier>
    </Filter>
    <Filter Include="Source Files\emulator\io">
      <UniqueIdentifier>{3467f5ef-c78a-49b2-a90c-192cf6c38679}</UniqueIdentifier>
    </Filter>
    <Filter Include="Source Files\emulator\io\hdd">
      <UniqueIdentifier>{fdabf05c-08fe-42f2-a1b9-217841befc9e}</UniqueIdentifier>
    </Filter>
    <Filter Include="Source Files\emulator\io\fdc">
      <UniqueIdentifier>{b60bcc2b-ac7e-41eb-9b55-91eba2d83991}</UniqueIdentifier>
    </Filter>
    <Filter Include="Header Files\emulator\platforms">
      <UniqueIdentifier>{3345347b-e074-442f-ab62-66c1ed63839c}</UniqueIdentifier>
    </Filter>
    <Filter Include="Header Files\emulator\platforms\tsconf">
      <UniqueIdentifier>{e38cdcc2-bbe0-4e52-8854-f30c5fc644cf}</UniqueIdentifier>
    </Filter>
    <Filter Include="Interfaces\Resource Files">
      <UniqueIdentifier>{67DA6AB6-F800-4c08-8B7A-83BB121AAD01}</UniqueIdentifier>
      <Extensions>rc;ico;cur;bmp;dlg;rc2;rct;bin;rgs;gif;jpg;jpeg;jpe;resx;tiff;tif;png;wav;mfcribbon-ms</Extensions>
    </Filter>
    <Filter Include="Source Files\emulator\io\tape">
      <UniqueIdentifier>{47468fa0-737b-4944-a06c-9bb8ae9f4222}</UniqueIdentifier>
    </Filter>
    <Filter Include="Header Files\emulator\io\tape">
      <UniqueIdentifier>{2d992d4e-f2b5-4399-94f4-0d0e6e2a333f}</UniqueIdentifier>
    </Filter>
    <Filter Include="Source Files\emulator\sound">
      <UniqueIdentifier>{a259f1e2-55c8-49b7-abe5-a550006be525}</UniqueIdentifier>
    </Filter>
    <Filter Include="Header Files\emulator\sound">
      <UniqueIdentifier>{233ded97-8ffc-4c89-9bd7-e4591415c894}</UniqueIdentifier>
    </Filter>
    <Filter Include="Header Files\3rdparty">
      <UniqueIdentifier>{bbad5df7-962a-4142-9989-f482fdb798c4}</UniqueIdentifier>
    </Filter>
    <Filter Include="Header Files\3rdparty\simpleini">
      <UniqueIdentifier>{8a8676e2-19e4-4add-a762-b2e652a95b46}</UniqueIdentifier>
    </Filter>
    <Filter Include="Source Files\3rdparty">
      <UniqueIdentifier>{e4ed65ae-086b-4c8f-8bb5-f5729acf8db2}</UniqueIdentifier>
    </Filter>
    <Filter Include="Source Files\3rdparty\simpleini">
      <UniqueIdentifier>{81174bd2-bdca-4ace-a949-4a636b053f69}</UniqueIdentifier>
    </Filter>
  </ItemGroup>
  <ItemGroup>
    <ClInclude Include="stdafx.h">
      <Filter>Header Files</Filter>
    </ClInclude>
    <ClInclude Include="targetver.h">
      <Filter>Header Files</Filter>
    </ClInclude>
    <ClInclude Include="IRenderer.h">
      <Filter>Interfaces</Filter>
    </ClInclude>
    <ClInclude Include="Interfaces.h">
      <Filter>Interfaces</Filter>
    </ClInclude>
    <ClInclude Include="Base\BaseRenderer.h">
      <Filter>Header Files\base</Filter>
    </ClInclude>
    <ClInclude Include="MessageManager.h">
      <Filter>Header Files\base</Filter>
    </ClInclude>
    <ClInclude Include="Emulator\memory\memory.h">
      <Filter>Header Files\emulator\memory</Filter>
    </ClInclude>
    <ClInclude Include="mods.h">
      <Filter>Header Files</Filter>
    </ClInclude>
    <ClInclude Include="Emulator\memory\nvram.h">
      <Filter>Header Files\emulator\memory</Filter>
    </ClInclude>
    <ClInclude Include="Video\videorenderer.h">
      <Filter>Header Files\video</Filter>
    </ClInclude>
    <ClInclude Include="sysdefs.h">
      <Filter>Header Files</Filter>
    </ClInclude>
    <ClInclude Include="Emulator\emulator.h">
      <Filter>Header Files\emulator</Filter>
    </ClInclude>
    <ClInclude Include="Common\stringhelper.h">
      <Filter>Header Files\common</Filter>
    </ClInclude>
    <ClInclude Include="Emulator\platform.h">
      <Filter>Header Files\emulator</Filter>
    </ClInclude>
    <ClInclude Include="Emulator\ports.h">
      <Filter>Header Files\emulator</Filter>
    </ClInclude>
    <ClInclude Include="Emulator\memory\ram.h">
      <Filter>Header Files\emulator\memory</Filter>
    </ClInclude>
    <ClInclude Include="Emulator\ports\ports.h">
      <Filter>Header Files\emulator\ports</Filter>
    </ClInclude>
    <ClInclude Include="Emulator\cpu\cpu.h">
      <Filter>Header Files\emulator\cpu</Filter>
    </ClInclude>
    <ClInclude Include="Emulator\cpu\cputables.h">
      <Filter>Header Files\emulator\cpu</Filter>
    </ClInclude>
    <ClInclude Include="common\counterhelper.h">
      <Filter>Header Files\common</Filter>
    </ClInclude>
    <ClInclude Include="common\autoresetevent.h">
      <Filter>Header Files\common</Filter>
    </ClInclude>
    <ClInclude Include="common\utf8util.h">
      <Filter>Header Files\common</Filter>
    </ClInclude>
    <ClInclude Include="emulator\mainloop.h">
      <Filter>Header Files\emulator</Filter>
    </ClInclude>
    <ClInclude Include="emulator\cpu\op_dd.h">
      <Filter>Header Files\emulator\cpu</Filter>
    </ClInclude>
    <ClInclude Include="emulator\cpu\op_ed.h">
      <Filter>Header Files\emulator\cpu</Filter>
    </ClInclude>
    <ClInclude Include="emulator\cpu\op_fd.h">
      <Filter>Header Files\emulator\cpu</Filter>
    </ClInclude>
    <ClInclude Include="emulator\cpu\op_noprefix.h">
      <Filter>Header Files\emulator\cpu</Filter>
    </ClInclude>
    <ClInclude Include="emulator\emulatorcontext.h">
      <Filter>Header Files\emulator</Filter>
    </ClInclude>
    <ClInclude Include="common\logger.h">
      <Filter>Header Files\common</Filter>
    </ClInclude>
    <ClInclude Include="emulator\cpu\z80_old.h">
      <Filter>Header Files\emulator\cpu</Filter>
    </ClInclude>
    <ClInclude Include="emulator\cpu\z80.h">
      <Filter>Header Files\emulator\cpu</Filter>
    </ClInclude>
    <ClInclude Include="common\callbackcollection.h">
      <Filter>Header Files\common</Filter>
    </ClInclude>
    <ClInclude Include="common\collectionhelper.h">
      <Filter>Header Files\common</Filter>
    </ClInclude>
    <ClInclude Include="common\timehelper.h">
      <Filter>Header Files\common</Filter>
    </ClInclude>
    <ClInclude Include="emulator\config.h">
      <Filter>Header Files\emulator</Filter>
    </ClInclude>
    <ClInclude Include="emulator\platforms\tsconf\tsconf.h">
      <Filter>Header Files\emulator\platforms\tsconf</Filter>
    </ClInclude>
    <ClInclude Include="emulator\video\screen.h">
      <Filter>Header Files\video</Filter>
    </ClInclude>
    <ClInclude Include="emulator\cpu\daa_tabs.h">
      <Filter>Header Files\emulator\cpu</Filter>
    </ClInclude>
    <ClInclude Include="emulator\cpu\cpulogic.h">
      <Filter>Header Files\emulator\cpu</Filter>
    </ClInclude>
    <ClInclude Include="emulator\memory\rom.h">
      <Filter>Header Files\emulator\memory</Filter>
    </ClInclude>
    <ClInclude Include="emulator\video\renderers.h">
      <Filter>Header Files\video</Filter>
    </ClInclude>
    <ClInclude Include="emulator\io\hdd\hdd.h">
      <Filter>Header Files\emulator\io\hdd</Filter>
    </ClInclude>
    <ClInclude Include="emulator\sound\sound.h">
      <Filter>Header Files\emulator\sound</Filter>
    </ClInclude>
    <ClInclude Include="common\systemhelper.h">
      <Filter>Header Files\common</Filter>
    </ClInclude>
    <ClInclude Include="common\filehelper.h">
      <Filter>Header Files\common</Filter>
    </ClInclude>
    <ClInclude Include="3rdparty\simpleini\ConvertUTF.h">
      <Filter>Header Files\3rdparty\simpleini</Filter>
    </ClInclude>
    <ClInclude Include="3rdparty\simpleini\SimpleIni.h">
      <Filter>Header Files\3rdparty\simpleini</Filter>
    </ClInclude>
  </ItemGroup>
  <ItemGroup>
    <ClCompile Include="Base\BaseRenderer.cpp">
      <Filter>Source Files\base</Filter>
    </ClCompile>
    <ClCompile Include="MessageManager.cpp">
      <Filter>Source Files\base</Filter>
    </ClCompile>
    <ClCompile Include="stdafx.cpp">
      <Filter>Source Files</Filter>
    </ClCompile>
    <ClCompile Include="Emulator\memory\memory.cpp">
      <Filter>Source Files\emulator\memory</Filter>
    </ClCompile>
    <ClCompile Include="Emulator\memory\nvram.cpp">
      <Filter>Source Files\emulator\memory</Filter>
    </ClCompile>
    <ClCompile Include="Video\videorenderer.cpp">
      <Filter>Source Files\video</Filter>
    </ClCompile>
    <ClCompile Include="Emulator\emulator.cpp">
      <Filter>Source Files\emulator</Filter>
    </ClCompile>
    <ClCompile Include="Common\stringhelper.cpp">
      <Filter>Source Files\common</Filter>
    </ClCompile>
    <ClCompile Include="Emulator\memory\ram.cpp">
      <Filter>Source Files\emulator\memory</Filter>
    </ClCompile>
    <ClCompile Include="Emulator\ports\ports.cpp">
      <Filter>Source Files\emulator\ports</Filter>
    </ClCompile>
    <ClCompile Include="Emulator\cpu\cpu.cpp">
      <Filter>Source Files\emulator\cpu</Filter>
    </ClCompile>
    <ClCompile Include="Emulator\cpu\cputables.cpp">
      <Filter>Source Files\emulator\cpu</Filter>
    </ClCompile>
    <ClCompile Include="common\autoresetevent.cpp">
      <Filter>Source Files\common</Filter>
    </ClCompile>
    <ClCompile Include="common\counterhelper.cpp">
      <Filter>Source Files\common</Filter>
    </ClCompile>
    <ClCompile Include="common\utf8util.cpp">
      <Filter>Source Files\common</Filter>
    </ClCompile>
    <ClCompile Include="emulator\mainloop.cpp">
      <Filter>Source Files\emulator</Filter>
    </ClCompile>
    <ClCompile Include="emulator\emulatorcontext.cpp">
      <Filter>Source Files\emulator</Filter>
    </ClCompile>
    <ClCompile Include="common\logger.cpp">
      <Filter>Source Files\common</Filter>
    </ClCompile>
    <ClCompile Include="emulator\cpu\z80.cpp">
      <Filter>Source Files\emulator\cpu</Filter>
    </ClCompile>
    <ClCompile Include="common\callbackcollection.cpp">
      <Filter>Source Files\common</Filter>
    </ClCompile>
    <ClCompile Include="emulator\config.cpp">
      <Filter>Source Files\emulator</Filter>
    </ClCompile>
    <ClCompile Include="emulator\video\screen.cpp">
      <Filter>Source Files\video</Filter>
    </ClCompile>
    <ClCompile Include="emulator\cpu\op_cb.cpp">
      <Filter>Source Files\emulator\cpu</Filter>
    </ClCompile>
    <ClCompile Include="emulator\cpu\op_dd.cpp">
      <Filter>Source Files\emulator\cpu</Filter>
    </ClCompile>
    <ClCompile Include="emulator\cpu\op_ddcb.cpp">
      <Filter>Source Files\emulator\cpu</Filter>
    </ClCompile>
    <ClCompile Include="emulator\cpu\op_ed.cpp">
      <Filter>Source Files\emulator\cpu</Filter>
    </ClCompile>
    <ClCompile Include="emulator\cpu\op_fd.cpp">
      <Filter>Source Files\emulator\cpu</Filter>
    </ClCompile>
    <ClCompile Include="emulator\cpu\op_noprefix.cpp">
      <Filter>Source Files\emulator\cpu</Filter>
    </ClCompile>
    <ClCompile Include="emulator\cpu\daa_tabs.cpp">
      <Filter>Source Files\emulator\cpu</Filter>
    </ClCompile>
    <ClCompile Include="emulator\cpu\cpulogic.cpp">
      <Filter>Source Files\emulator\cpu</Filter>
    </ClCompile>
    <ClCompile Include="emulator\memory\rom.cpp">
      <Filter>Source Files\emulator\memory</Filter>
    </ClCompile>
    <ClCompile Include="common\timehelper.cpp">
      <Filter>Source Files\common</Filter>
    </ClCompile>
    <ClCompile Include="emulator\video\videocontroller.cpp">
      <Filter>Source Files\video</Filter>
    </ClCompile>
    <ClCompile Include="emulator\video\renderers.cpp">
      <Filter>Source Files\video</Filter>
    </ClCompile>
    <ClCompile Include="emulator\io\hdd\hdd.cpp">
      <Filter>Source Files\emulator\io\hdd</Filter>
    </ClCompile>
    <ClCompile Include="emulator\sound\sound.cpp">
      <Filter>Source Files\emulator\sound</Filter>
    </ClCompile>
    <ClCompile Include="common\systemhelper.cpp">
      <Filter>Source Files\common</Filter>
    </ClCompile>
    <ClCompile Include="common\filehelper.cpp">
      <Filter>Source Files\common</Filter>
    </ClCompile>
    <ClCompile Include="3rdparty\simpleini\ConvertUTF.c">
      <Filter>Source Files\3rdparty\simpleini</Filter>
    </ClCompile>
  </ItemGroup>
</Project>