<?xml version="1.0" encoding="utf-8"?>
<Project ToolsVersion="4.0" xmlns="http://schemas.microsoft.com/developer/msbuild/2003">
  <ItemGroup>
    <ClCompile Include="test.cpp" />
    <ClCompile Include="pch.cpp" />
    <ClCompile Include="z80\z80_test.cpp">
      <Filter>z80</Filter>
    </ClCompile>
    <ClCompile Include="z80\opcode_test.cpp">
      <Filter>z80</Filter>
    </ClCompile>
  </ItemGroup>
  <ItemGroup>
    <ClInclude Include="pch.h" />
    <ClInclude Include="z80\z80_test.h">
      <Filter>z80</Filter>
    </ClInclude>
    <ClInclude Include="z80\opcode_test.h">
      <Filter>z80</Filter>
    </ClInclude>
  </ItemGroup>
  <ItemGroup>
    <None Include="packages.config" />
  </ItemGroup>
  <ItemGroup>
    <Filter Include="z80">
      <UniqueIdentifier>{94ea548a-e0fe-4cc5-84ba-aff286b4a34a}</UniqueIdentifier>
    </Filter>
  </ItemGroup>
</Project>